# THIS IS AN AUTOGENERATED FILE. DO NOT EDIT THIS FILE DIRECTLY.
# yarn lockfile v1


"@babel/parser@^7.16.3":
  version "7.16.3"
  resolved "https://registry.npmmirror.com/@babel/parser/download/@babel/parser-7.16.3.tgz?cache=0&sync_timestamp=1636495239801&other_urls=https%3A%2F%2Fregistry.npmmirror.com%2F%40babel%2Fparser%2Fdownload%2F%40babel%2Fparser-7.16.3.tgz#271bafcb811080905a119222edbc17909c82261d"
  integrity sha512-dcNwU1O4sx57ClvLBVFbEgx0UZWfd0JQX5X6fxFRCLHelFBGXFfSz6Y0FAq2PEwUqlqLkdVjVr4VASEOuUnLJw==
